
Microsoft Visual Studio Solution File, Format Version 11.00
# Visual Studio 2010
Project("{FAE04EC0-301F-11D3-BF4B-00C04F79EFBC}") = "Assembly-CSharp-firstpass", "Assembly-CSharp-firstpass.csproj", "{74a28b53-2774-eef2-5edd-3e5372e3566a}"
EndProject
Project("{FAE04EC0-301F-11D3-BF4B-00C04F79EFBC}") = "Assembly-CSharp", "Assembly-CSharp.csproj", "{4adc7e24-6e8f-dfd5-3350-0f2f381d269d}"
EndProject
Project("{FAE04EC0-301F-11D3-BF4B-00C04F79EFBC}") = "Assembly-CSharp-Editor-firstpass", "Assembly-CSharp-Editor-firstpass.csproj", "{c2cb6744-1f77-70f7-4657-650b11185aec}"
EndProject
Global
	GlobalSection(SolutionConfigurationPlatforms) = preSolution
		Debug|Any CPU = Debug|Any CPU
	EndGlobalSection
	GlobalSection(ProjectConfigurationPlatforms) = postSolution
		{74a28b53-2774-eef2-5edd-3e5372e3566a}.Debug|Any CPU.ActiveCfg = Debug|Any CPU
		{74a28b53-2774-eef2-5edd-3e5372e3566a}.Debug|Any CPU.Build.0 = Debug|Any CPU
		{4adc7e24-6e8f-dfd5-3350-0f2f381d269d}.Debug|Any CPU.ActiveCfg = Debug|Any CPU
		{4adc7e24-6e8f-dfd5-3350-0f2f381d269d}.Debug|Any CPU.Build.0 = Debug|Any CPU
		{c2cb6744-1f77-70f7-4657-650b11185aec}.Debug|Any CPU.ActiveCfg = Debug|Any CPU
		{c2cb6744-1f77-70f7-4657-650b11185aec}.Debug|Any CPU.Build.0 = Debug|Any CPU
	EndGlobalSection
	GlobalSection(SolutionProperties) = preSolution
		HideSolutionNode = FALSE
	EndGlobalSection
EndGlobal
